// !$*UTF8*$!
{
	archiveVersion = 1;
	classes = {
	};
	objectVersion = 77;
	objects = {

/* Begin PBXBuildFile section */
		8539E8DC2D885A540060542E /* Networking in Frameworks */ = {isa = PBXBuildFile; productRef = 8539E8DB2D885A540060542E /* Networking */; };
		8539E8E12D885BCC0060542E /* Home in Frameworks */ = {isa = PBXBuildFile; productRef = 8539E8E02D885BCC0060542E /* Home */; };
		8539E8E92D885C4E0060542E /* Login in Frameworks */ = {isa = PBXBuildFile; productRef = 8539E8E82D885C4E0060542E /* Login */; };
		8539E8ED2D885CAE0060542E /* Profile in Frameworks */ = {isa = PBXBuildFile; productRef = 8539E8EC2D885CAE0060542E /* Profile */; };
		8539E8F12D885D4A0060542E /* TabBar in Frameworks */ = {isa = PBXBuildFile; productRef = 8539E8F02D885D4A0060542E /* TabBar */; };
		85FF9AA72D885992005E2416 /* Shared in Frameworks */ = {isa = PBXBuildFile; productRef = 85FF9AA62D885992005E2416 /* Shared */; };
/* End PBXBuildFile section */

/* Begin PBXFileReference section */
		856FDFF42D8854D50033B585 /* Linkup.app */ = {isa = PBXFileReference; explicitFileType = wrapper.application; includeInIndex = 0; path = Linkup.app; sourceTree = BUILT_PRODUCTS_DIR; };
/* End PBXFileReference section */

/* Begin PBXFileSystemSynchronizedBuildFileExceptionSet section */
		85FF9AA42D8856E8005E2416 /* Exceptions for "Linkup" folder in "Linkup" target */ = {
			isa = PBXFileSystemSynchronizedBuildFileExceptionSet;
			membershipExceptions = (
				Core/Networking,
				Modules/Home,
				Modules/Login,
				Modules/Profile,
				Modules/TabBar,
			);
			target = 856FDFF32D8854D50033B585 /* Linkup */;
		};
/* End PBXFileSystemSynchronizedBuildFileExceptionSet section */

/* Begin PBXFileSystemSynchronizedRootGroup section */
		856FDFF62D8854D50033B585 /* Linkup */ = {
			isa = PBXFileSystemSynchronizedRootGroup;
			exceptions = (
				85FF9AA42D8856E8005E2416 /* Exceptions for "Linkup" folder in "Linkup" target */,
			);
			path = Linkup;
			sourceTree = "<group>";
		};
/* End PBXFileSystemSynchronizedRootGroup section */

/* Begin PBXFrameworksBuildPhase section */
		856FDFF12D8854D50033B585 /* Frameworks */ = {
			isa = PBXFrameworksBuildPhase;
			buildActionMask = 2147483647;
			files = (
				8539E8DC2D885A540060542E /* Networking in Frameworks */,
				85FF9AA72D885992005E2416 /* Shared in Frameworks */,
				8539E8F12D885D4A0060542E /* TabBar in Frameworks */,
				8539E8E92D885C4E0060542E /* Login in Frameworks */,
				8539E8ED2D885CAE0060542E /* Profile in Frameworks */,
				8539E8E12D885BCC0060542E /* Home in Frameworks */,
			);
			runOnlyForDeploymentPostprocessing = 0;
		};
/* End PBXFrameworksBuildPhase section */

/* Begin PBXGroup section */
		856FDFEB2D8854D50033B585 = {
			isa = PBXGroup;
			children = (
				856FDFF62D8854D50033B585 /* Linkup */,
				856FDFF52D8854D50033B585 /* Products */,
			);
			sourceTree = "<group>";
		};
		856FDFF52D8854D50033B585 /* Products */ = {
			isa = PBXGroup;
			children = (
				856FDFF42D8854D50033B585 /* Linkup.app */,
			);
			name = Products;
			sourceTree = "<group>";
		};
/* End PBXGroup section */

/* Begin PBXNativeTarget section */
		856FDFF32D8854D50033B585 /* Linkup */ = {
			isa = PBXNativeTarget;
			buildConfigurationList = 856FE01D2D8854D70033B585 /* Build configuration list for PBXNativeTarget "Linkup" */;
			buildPhases = (
				856FDFF02D8854D50033B585 /* Sources */,
				856FDFF12D8854D50033B585 /* Frameworks */,
				856FDFF22D8854D50033B585 /* Resources */,
			);
			buildRules = (
			);
			dependencies = (
			);
			fileSystemSynchronizedGroups = (
				856FDFF62D8854D50033B585 /* Linkup */,
			);
			name = Linkup;
			packageProductDependencies = (
				85FF9AA62D885992005E2416 /* Shared */,
				8539E8DB2D885A540060542E /* Networking */,
				8539E8E02D885BCC0060542E /* Home */,
				8539E8E82D885C4E0060542E /* Login */,
				8539E8EC2D885CAE0060542E /* Profile */,
				8539E8F02D885D4A0060542E /* TabBar */,
			);
			productName = Linkup;
			productReference = 856FDFF42D8854D50033B585 /* Linkup.app */;
			productType = "com.apple.product-type.application";
		};
/* End PBXNativeTarget section */

/* Begin PBXProject section */
		856FDFEC2D8854D50033B585 /* Project object */ = {
			isa = PBXProject;
			attributes = {
				BuildIndependentTargetsInParallel = 1;
				LastSwiftUpdateCheck = 1620;
				LastUpgradeCheck = 1620;
				TargetAttributes = {
					856FDFF32D8854D50033B585 = {
						CreatedOnToolsVersion = 16.2;
					};
				};
			};
			buildConfigurationList = 856FDFEF2D8854D50033B585 /* Build configuration list for PBXProject "Linkup" */;
			developmentRegion = en;
			hasScannedForEncodings = 0;
			knownRegions = (
				en,
				Base,
			);
			mainGroup = 856FDFEB2D8854D50033B585;
			minimizedProjectReferenceProxies = 1;
			packageReferences = (
				85FF9AA52D885991005E2416 /* XCLocalSwiftPackageReference "Linkup/Core/Shared" */,
				8539E8DA2D885A540060542E /* XCLocalSwiftPackageReference "Linkup/Core/Networking" */,
				8539E8DF2D885BCC0060542E /* XCLocalSwiftPackageReference "Linkup/Modules/Home" */,
				8539E8E72D885C4E0060542E /* XCLocalSwiftPackageReference "Linkup/Modules/Login" */,
				8539E8EB2D885CAE0060542E /* XCLocalSwiftPackageReference "Linkup/Modules/Profile" */,
				8539E8EF2D885D4A0060542E /* XCLocalSwiftPackageReference "Linkup/Modules/TabBar" */,
			);
			preferredProjectObjectVersion = 77;
			productRefGroup = 856FDFF52D8854D50033B585 /* Products */;
			projectDirPath = "";
			projectRoot = "";
			targets = (
				856FDFF32D8854D50033B585 /* Linkup */,
			);
		};
/* End PBXProject section */

/* Begin PBXResourcesBuildPhase section */
		856FDFF22D8854D50033B585 /* Resources */ = {
			isa = PBXResourcesBuildPhase;
			buildActionMask = 2147483647;
			files = (
			);
			runOnlyForDeploymentPostprocessing = 0;
		};
/* End PBXResourcesBuildPhase section */

/* Begin PBXSourcesBuildPhase section */
		856FDFF02D8854D50033B585 /* Sources */ = {
			isa = PBXSourcesBuildPhase;
			buildActionMask = 2147483647;
			files = (
			);
			runOnlyForDeploymentPostprocessing = 0;
		};
/* End PBXSourcesBuildPhase section */

/* Begin XCBuildConfiguration section */
		856FE01B2D8854D70033B585 /* Debug */ = {
			isa = XCBuildConfiguration;
			buildSettings = {
				ALWAYS_SEARCH_USER_PATHS = NO;
				ASSETCATALOG_COMPILER_GENERATE_SWIFT_ASSET_SYMBOL_EXTENSIONS = YES;
				CLANG_ANALYZER_NONNULL = YES;
				CLANG_ANALYZER_NUMBER_OBJECT_CONVERSION = YES_AGGRESSIVE;
				CLANG_CXX_LANGUAGE_STANDARD = "gnu++20";
				CLANG_ENABLE_MODULES = YES;
				CLANG_ENABLE_OBJC_ARC = YES;
				CLANG_ENABLE_OBJC_WEAK = YES;
				CLANG_WARN_BLOCK_CAPTURE_AUTORELEASING = YES;
				CLANG_WARN_BOOL_CONVERSION = YES;
				CLANG_WARN_COMMA = YES;
				CLANG_WARN_CONSTANT_CONVERSION = YES;
				CLANG_WARN_DEPRECATED_OBJC_IMPLEMENTATIONS = YES;
				CLANG_WARN_DIRECT_OBJC_ISA_USAGE = YES_ERROR;
				CLANG_WARN_DOCUMENTATION_COMMENTS = YES;
				CLANG_WARN_EMPTY_BODY = YES;
				CLANG_WARN_ENUM_CONVERSION = YES;
				CLANG_WARN_INFINITE_RECURSION = YES;
				CLANG_WARN_INT_CONVERSION = YES;
				CLANG_WARN_NON_LITERAL_NULL_CONVERSION = YES;
				CLANG_WARN_OBJC_IMPLICIT_RETAIN_SELF = YES;
				CLANG_WARN_OBJC_LITERAL_CONVERSION = YES;
				CLANG_WARN_OBJC_ROOT_CLASS = YES_ERROR;
				CLANG_WARN_QUOTED_INCLUDE_IN_FRAMEWORK_HEADER = YES;
				CLANG_WARN_RANGE_LOOP_ANALYSIS = YES;
				CLANG_WARN_STRICT_PROTOTYPES = YES;
				CLANG_WARN_SUSPICIOUS_MOVE = YES;
				CLANG_WARN_UNGUARDED_AVAILABILITY = YES_AGGRESSIVE;
				CLANG_WARN_UNREACHABLE_CODE = YES;
				CLANG_WARN__DUPLICATE_METHOD_MATCH = YES;
				COPY_PHASE_STRIP = NO;
				DEBUG_INFORMATION_FORMAT = dwarf;
				ENABLE_STRICT_OBJC_MSGSEND = YES;
				ENABLE_TESTABILITY = YES;
				ENABLE_USER_SCRIPT_SANDBOXING = YES;
				GCC_C_LANGUAGE_STANDARD = gnu17;
				GCC_DYNAMIC_NO_PIC = NO;
				GCC_NO_COMMON_BLOCKS = YES;
				GCC_OPTIMIZATION_LEVEL = 0;
				GCC_PREPROCESSOR_DEFINITIONS = (
					"DEBUG=1",
					"$(inherited)",
				);
				GCC_WARN_64_TO_32_BIT_CONVERSION = YES;
				GCC_WARN_ABOUT_RETURN_TYPE = YES_ERROR;
				GCC_WARN_UNDECLARED_SELECTOR = YES;
				GCC_WARN_UNINITIALIZED_AUTOS = YES_AGGRESSIVE;
				GCC_WARN_UNUSED_FUNCTION = YES;
				GCC_WARN_UNUSED_VARIABLE = YES;
				IPHONEOS_DEPLOYMENT_TARGET = 18.2;
				LOCALIZATION_PREFERS_STRING_CATALOGS = YES;
				MTL_ENABLE_DEBUG_INFO = INCLUDE_SOURCE;
				MTL_FAST_MATH = YES;
				ONLY_ACTIVE_ARCH = YES;
				SDKROOT = iphoneos;
				SWIFT_ACTIVE_COMPILATION_CONDITIONS = "DEBUG $(inherited)";
				SWIFT_OPTIMIZATION_LEVEL = "-Onone";
			};
			name = Debug;
		};
		856FE01C2D8854D70033B585 /* Release */ = {
			isa = XCBuildConfiguration;
			buildSettings = {
				ALWAYS_SEARCH_USER_PATHS = NO;
				ASSETCATALOG_COMPILER_GENERATE_SWIFT_ASSET_SYMBOL_EXTENSIONS = YES;
				CLANG_ANALYZER_NONNULL = YES;
				CLANG_ANALYZER_NUMBER_OBJECT_CONVERSION = YES_AGGRESSIVE;
				CLANG_CXX_LANGUAGE_STANDARD = "gnu++20";
				CLANG_ENABLE_MODULES = YES;
				CLANG_ENABLE_OBJC_ARC = YES;
				CLANG_ENABLE_OBJC_WEAK = YES;
				CLANG_WARN_BLOCK_CAPTURE_AUTORELEASING = YES;
				CLANG_WARN_BOOL_CONVERSION = YES;
				CLANG_WARN_COMMA = YES;
				CLANG_WARN_CONSTANT_CONVERSION = YES;
				CLANG_WARN_DEPRECATED_OBJC_IMPLEMENTATIONS = YES;
				CLANG_WARN_DIRECT_OBJC_ISA_USAGE = YES_ERROR;
				CLANG_WARN_DOCUMENTATION_COMMENTS = YES;
				CLANG_WARN_EMPTY_BODY = YES;
				CLANG_WARN_ENUM_CONVERSION = YES;
				CLANG_WARN_INFINITE_RECURSION = YES;
				CLANG_WARN_INT_CONVERSION = YES;
				CLANG_WARN_NON_LITERAL_NULL_CONVERSION = YES;
				CLANG_WARN_OBJC_IMPLICIT_RETAIN_SELF = YES;
				CLANG_WARN_OBJC_LITERAL_CONVERSION = YES;
				CLANG_WARN_OBJC_ROOT_CLASS = YES_ERROR;
				CLANG_WARN_QUOTED_INCLUDE_IN_FRAMEWORK_HEADER = YES;
				CLANG_WARN_RANGE_LOOP_ANALYSIS = YES;
				CLANG_WARN_STRICT_PROTOTYPES = YES;
				CLANG_WARN_SUSPICIOUS_MOVE = YES;
				CLANG_WARN_UNGUARDED_AVAILABILITY = YES_AGGRESSIVE;
				CLANG_WARN_UNREACHABLE_CODE = YES;
				CLANG_WARN__DUPLICATE_METHOD_MATCH = YES;
				COPY_PHASE_STRIP = NO;
				DEBUG_INFORMATION_FORMAT = "dwarf-with-dsym";
				ENABLE_NS_ASSERTIONS = NO;
				ENABLE_STRICT_OBJC_MSGSEND = YES;
				ENABLE_USER_SCRIPT_SANDBOXING = YES;
				GCC_C_LANGUAGE_STANDARD = gnu17;
				GCC_NO_COMMON_BLOCKS = YES;
				GCC_WARN_64_TO_32_BIT_CONVERSION = YES;
				GCC_WARN_ABOUT_RETURN_TYPE = YES_ERROR;
				GCC_WARN_UNDECLARED_SELECTOR = YES;
				GCC_WARN_UNINITIALIZED_AUTOS = YES_AGGRESSIVE;
				GCC_WARN_UNUSED_FUNCTION = YES;
				GCC_WARN_UNUSED_VARIABLE = YES;
				IPHONEOS_DEPLOYMENT_TARGET = 18.2;
				LOCALIZATION_PREFERS_STRING_CATALOGS = YES;
				MTL_ENABLE_DEBUG_INFO = NO;
				MTL_FAST_MATH = YES;
				SDKROOT = iphoneos;
				SWIFT_COMPILATION_MODE = wholemodule;
				VALIDATE_PRODUCT = YES;
			};
			name = Release;
		};
		856FE01E2D8854D70033B585 /* Debug */ = {
			isa = XCBuildConfiguration;
			buildSettings = {
				ASSETCATALOG_COMPILER_APPICON_NAME = AppIcon;
				ASSETCATALOG_COMPILER_GLOBAL_ACCENT_COLOR_NAME = AccentColor;
				CODE_SIGN_STYLE = Automatic;
				CURRENT_PROJECT_VERSION = 1;
				DEVELOPMENT_ASSET_PATHS = "\"Linkup/Core/Preview Content\"";
				DEVELOPMENT_TEAM = 94M43PKX7X;
				ENABLE_PREVIEWS = YES;
				GENERATE_INFOPLIST_FILE = YES;
				INFOPLIST_KEY_UIApplicationSceneManifest_Generation = YES;
				INFOPLIST_KEY_UIApplicationSupportsIndirectInputEvents = YES;
				INFOPLIST_KEY_UILaunchScreen_Generation = YES;
				INFOPLIST_KEY_UISupportedInterfaceOrientations_iPad = "UIInterfaceOrientationPortrait UIInterfaceOrientationPortraitUpsideDown UIInterfaceOrientationLandscapeLeft UIInterfaceOrientationLandscapeRight";
				INFOPLIST_KEY_UISupportedInterfaceOrientations_iPhone = "UIInterfaceOrientationPortrait UIInterfaceOrientationLandscapeLeft UIInterfaceOrientationLandscapeRight";
				LD_RUNPATH_SEARCH_PATHS = (
					"$(inherited)",
					"@executable_path/Frameworks",
				);
				MARKETING_VERSION = 1.0;
				PRODUCT_BUNDLE_IDENTIFIER = com.br.Linkup;
				PRODUCT_NAME = "$(TARGET_NAME)";
				SWIFT_EMIT_LOC_STRINGS = YES;
				SWIFT_VERSION = 5.0;
				TARGETED_DEVICE_FAMILY = "1,2";
			};
			name = Debug;
		};
		856FE01F2D8854D70033B585 /* Release */ = {
			isa = XCBuildConfiguration;
			buildSettings = {
				ASSETCATALOG_COMPILER_APPICON_NAME = AppIcon;
				ASSETCATALOG_COMPILER_GLOBAL_ACCENT_COLOR_NAME = AccentColor;
				CODE_SIGN_STYLE = Automatic;
				CURRENT_PROJECT_VERSION = 1;
				DEVELOPMENT_ASSET_PATHS = "\"Linkup/Core/Preview Content\"";
				DEVELOPMENT_TEAM = 94M43PKX7X;
				ENABLE_PREVIEWS = YES;
				GENERATE_INFOPLIST_FILE = YES;
				INFOPLIST_KEY_UIApplicationSceneManifest_Generation = YES;
				INFOPLIST_KEY_UIApplicationSupportsIndirectInputEvents = YES;
				INFOPLIST_KEY_UILaunchScreen_Generation = YES;
				INFOPLIST_KEY_UISupportedInterfaceOrientations_iPad = "UIInterfaceOrientationPortrait UIInterfaceOrientationPortraitUpsideDown UIInterfaceOrientationLandscapeLeft UIInterfaceOrientationLandscapeRight";
				INFOPLIST_KEY_UISupportedInterfaceOrientations_iPhone = "UIInterfaceOrientationPortrait UIInterfaceOrientationLandscapeLeft UIInterfaceOrientationLandscapeRight";
				LD_RUNPATH_SEARCH_PATHS = (
					"$(inherited)",
					"@executable_path/Frameworks",
				);
				MARKETING_VERSION = 1.0;
				PRODUCT_BUNDLE_IDENTIFIER = com.br.Linkup;
				PRODUCT_NAME = "$(TARGET_NAME)";
				SWIFT_EMIT_LOC_STRINGS = YES;
				SWIFT_VERSION = 5.0;
				TARGETED_DEVICE_FAMILY = "1,2";
			};
			name = Release;
		};
/* End XCBuildConfiguration section */

/* Begin XCConfigurationList section */
		856FDFEF2D8854D50033B585 /* Build configuration list for PBXProject "Linkup" */ = {
			isa = XCConfigurationList;
			buildConfigurations = (
				856FE01B2D8854D70033B585 /* Debug */,
				856FE01C2D8854D70033B585 /* Release */,
			);
			defaultConfigurationIsVisible = 0;
			defaultConfigurationName = Release;
		};
		856FE01D2D8854D70033B585 /* Build configuration list for PBXNativeTarget "Linkup" */ = {
			isa = XCConfigurationList;
			buildConfigurations = (
				856FE01E2D8854D70033B585 /* Debug */,
				856FE01F2D8854D70033B585 /* Release */,
			);
			defaultConfigurationIsVisible = 0;
			defaultConfigurationName = Release;
		};
/* End XCConfigurationList section */

/* Begin XCLocalSwiftPackageReference section */
		8539E8DA2D885A540060542E /* XCLocalSwiftPackageReference "Linkup/Core/Networking" */ = {
			isa = XCLocalSwiftPackageReference;
			relativePath = Linkup/Core/Networking;
		};
		8539E8DF2D885BCC0060542E /* XCLocalSwiftPackageReference "Linkup/Modules/Home" */ = {
			isa = XCLocalSwiftPackageReference;
			relativePath = Linkup/Modules/Home;
		};
		8539E8E72D885C4E0060542E /* XCLocalSwiftPackageReference "Linkup/Modules/Login" */ = {
			isa = XCLocalSwiftPackageReference;
			relativePath = Linkup/Modules/Login;
		};
		8539E8EB2D885CAE0060542E /* XCLocalSwiftPackageReference "Linkup/Modules/Profile" */ = {
			isa = XCLocalSwiftPackageReference;
			relativePath = Linkup/Modules/Profile;
		};
		8539E8EF2D885D4A0060542E /* XCLocalSwiftPackageReference "Linkup/Modules/TabBar" */ = {
			isa = XCLocalSwiftPackageReference;
			relativePath = Linkup/Modules/TabBar;
		};
		85FF9AA52D885991005E2416 /* XCLocalSwiftPackageReference "Linkup/Core/Shared" */ = {
			isa = XCLocalSwiftPackageReference;
			relativePath = Linkup/Core/Shared;
		};
/* End XCLocalSwiftPackageReference section */

/* Begin XCSwiftPackageProductDependency section */
		8539E8DB2D885A540060542E /* Networking */ = {
			isa = XCSwiftPackageProductDependency;
			productName = Networking;
		};
		8539E8E02D885BCC0060542E /* Home */ = {
			isa = XCSwiftPackageProductDependency;
			productName = Home;
		};
		8539E8E82D885C4E0060542E /* Login */ = {
			isa = XCSwiftPackageProductDependency;
			productName = Login;
		};
		8539E8EC2D885CAE0060542E /* Profile */ = {
			isa = XCSwiftPackageProductDependency;
			productName = Profile;
		};
		8539E8F02D885D4A0060542E /* TabBar */ = {
			isa = XCSwiftPackageProductDependency;
			productName = TabBar;
		};
		85FF9AA62D885992005E2416 /* Shared */ = {
			isa = XCSwiftPackageProductDependency;
			productName = Shared;
		};
/* End XCSwiftPackageProductDependency section */
	};
	rootObject = 856FDFEC2D8854D50033B585 /* Project object */;
}
